
Microsoft Visual Studio Solution File, Format Version 12.00
# Visual Studio Version 16
VisualStudioVersion = 16.0.30320.27
MinimumVisualStudioVersion = 10.0.40219.1
Project("{FAE04EC0-301F-11D3-BF4B-00C04F79EFBC}") = "Sftp_Conected1", "Sftp_Conected1\Sftp_Conected1.csproj", "{4D4A1299-A407-4C05-BD4A-BBC5164D7A85}"
EndProject
Global
	GlobalSection(SolutionConfigurationPlatforms) = preSolution
		Debug|Any CPU = Debug|Any CPU
		Release|Any CPU = Release|Any CPU
	EndGlobalSection
	GlobalSection(ProjectConfigurationPlatforms) = postSolution
		{4D4A1299-A407-4C05-BD4A-BBC5164D7A85}.Debug|Any CPU.ActiveCfg = Debug|Any CPU
		{4D4A1299-A407-4C05-BD4A-BBC5164D7A85}.Debug|Any CPU.Build.0 = Debug|Any CPU
		{4D4A1299-A407-4C05-BD4A-BBC5164D7A85}.Release|Any CPU.ActiveCfg = Release|Any CPU
		{4D4A1299-A407-4C05-BD4A-BBC5164D7A85}.Release|Any CPU.Build.0 = Release|Any CPU
	EndGlobalSection
	GlobalSection(SolutionProperties) = preSolution
		HideSolutionNode = FALSE
	EndGlobalSection
	GlobalSection(ExtensibilityGlobals) = postSolution
		SolutionGuid = {3077BDA8-3658-415D-8DC1-1BD5DE3F999B}
	EndGlobalSection
EndGlobal
